
Microsoft Visual Studio Solution File, Format Version 12.00
Project("{FAE04EC0-301F-11D3-BF4B-00C04F79EFBC}") = "multioperatorcalculator", "multioperatorcalculator\multioperatorcalculator.csproj", "{40149DDB-80D8-4D4F-8C85-D9F315DFBBBF}"
EndProject
Project("{FAE04EC0-301F-11D3-BF4B-00C04F79EFBC}") = "multidiceroll", "multidiceroll\multidiceroll.csproj", "{0F955B9D-17B4-491B-8813-9CF80AAEBCF4}"
EndProject
Project("{FAE04EC0-301F-11D3-BF4B-00C04F79EFBC}") = "multifunctioncalculator", "multifunctioncalculator\multifunctioncalculator.csproj", "{D04F85FA-08C6-473A-AB92-C696D905BFDE}"
EndProject
Global
	GlobalSection(SolutionConfigurationPlatforms) = preSolution
		Debug|Any CPU = Debug|Any CPU
		Release|Any CPU = Release|Any CPU
	EndGlobalSection
	GlobalSection(ProjectConfigurationPlatforms) = postSolution
		{40149DDB-80D8-4D4F-8C85-D9F315DFBBBF}.Debug|Any CPU.ActiveCfg = Debug|Any CPU
		{40149DDB-80D8-4D4F-8C85-D9F315DFBBBF}.Debug|Any CPU.Build.0 = Debug|Any CPU
		{40149DDB-80D8-4D4F-8C85-D9F315DFBBBF}.Release|Any CPU.ActiveCfg = Release|Any CPU
		{40149DDB-80D8-4D4F-8C85-D9F315DFBBBF}.Release|Any CPU.Build.0 = Release|Any CPU
		{0F955B9D-17B4-491B-8813-9CF80AAEBCF4}.Debug|Any CPU.ActiveCfg = Debug|Any CPU
		{0F955B9D-17B4-491B-8813-9CF80AAEBCF4}.Debug|Any CPU.Build.0 = Debug|Any CPU
		{0F955B9D-17B4-491B-8813-9CF80AAEBCF4}.Release|Any CPU.ActiveCfg = Release|Any CPU
		{0F955B9D-17B4-491B-8813-9CF80AAEBCF4}.Release|Any CPU.Build.0 = Release|Any CPU
		{D04F85FA-08C6-473A-AB92-C696D905BFDE}.Debug|Any CPU.ActiveCfg = Debug|Any CPU
		{D04F85FA-08C6-473A-AB92-C696D905BFDE}.Debug|Any CPU.Build.0 = Debug|Any CPU
		{D04F85FA-08C6-473A-AB92-C696D905BFDE}.Release|Any CPU.ActiveCfg = Release|Any CPU
		{D04F85FA-08C6-473A-AB92-C696D905BFDE}.Release|Any CPU.Build.0 = Release|Any CPU
	EndGlobalSection
EndGlobal
